// !$*UTF8*$!
{
	archiveVersion = 1;
	classes = {
	};
	objectVersion = 46;
	objects = {

/* Begin PBXBuildFile section */
		1513D1B91A17DDF4009A778D /* MainViewController.swift in Sources */ = {isa = PBXBuildFile; fileRef = 1513D1B81A17DDF4009A778D /* MainViewController.swift */; };
		156AE8451A26893700D775C7 /* Scheduler.swift in Sources */ = {isa = PBXBuildFile; fileRef = 156AE8441A26893700D775C7 /* Scheduler.swift */; };
		156AE8471A268E6E00D775C7 /* Level.swift in Sources */ = {isa = PBXBuildFile; fileRef = 156AE8461A268E6E00D775C7 /* Level.swift */; };
		C6A6BE371A17CD81004ED2E9 /* AppDelegate.swift in Sources */ = {isa = PBXBuildFile; fileRef = C6A6BE2C1A17CD81004ED2E9 /* AppDelegate.swift */; };
		C6A6BE381A17CD81004ED2E9 /* LaunchScreen.xib in Resources */ = {isa = PBXBuildFile; fileRef = C6A6BE2E1A17CD81004ED2E9 /* LaunchScreen.xib */; };
		C6A6BE391A17CD81004ED2E9 /* Main.storyboard in Resources */ = {isa = PBXBuildFile; fileRef = C6A6BE301A17CD81004ED2E9 /* Main.storyboard */; };
		C6A6BE3A1A17CD81004ED2E9 /* GameScene.sks in Resources */ = {isa = PBXBuildFile; fileRef = C6A6BE321A17CD81004ED2E9 /* GameScene.sks */; };
		C6A6BE3B1A17CD81004ED2E9 /* GameScene.swift in Sources */ = {isa = PBXBuildFile; fileRef = C6A6BE331A17CD81004ED2E9 /* GameScene.swift */; };
		C6A6BE3C1A17CD81004ED2E9 /* GameViewController.swift in Sources */ = {isa = PBXBuildFile; fileRef = C6A6BE341A17CD81004ED2E9 /* GameViewController.swift */; };
		C6A6BE3D1A17CD81004ED2E9 /* Images.xcassets in Resources */ = {isa = PBXBuildFile; fileRef = C6A6BE351A17CD81004ED2E9 /* Images.xcassets */; };
		C6A6BE3E1A17CD81004ED2E9 /* Info.plist in Resources */ = {isa = PBXBuildFile; fileRef = C6A6BE361A17CD81004ED2E9 /* Info.plist */; };
		C6E378AB1A26888400DBCDC5 /* Game.swift in Sources */ = {isa = PBXBuildFile; fileRef = C6E378AA1A26888400DBCDC5 /* Game.swift */; };
		C6E378AD1A268B5F00DBCDC5 /* Mob.swift in Sources */ = {isa = PBXBuildFile; fileRef = C6E378AC1A268B5F00DBCDC5 /* Mob.swift */; };
		C6E378AF1A268DBE00DBCDC5 /* Entity.swift in Sources */ = {isa = PBXBuildFile; fileRef = C6E378AE1A268DBE00DBCDC5 /* Entity.swift */; };
		C6F17A1F1A17CCF1002E7972 /* iRogueTests.swift in Sources */ = {isa = PBXBuildFile; fileRef = C6F17A1E1A17CCF1002E7972 /* iRogueTests.swift */; };
/* End PBXBuildFile section */

/* Begin PBXContainerItemProxy section */
		C6F17A191A17CCF1002E7972 /* PBXContainerItemProxy */ = {
			isa = PBXContainerItemProxy;
			containerPortal = C6F179F71A17CCF1002E7972 /* Project object */;
			proxyType = 1;
			remoteGlobalIDString = C6F179FE1A17CCF1002E7972;
			remoteInfo = iRogue;
		};
/* End PBXContainerItemProxy section */

/* Begin PBXFileReference section */
		1513D1B81A17DDF4009A778D /* MainViewController.swift */ = {isa = PBXFileReference; fileEncoding = 4; lastKnownFileType = sourcecode.swift; name = MainViewController.swift; path = src/MainViewController.swift; sourceTree = SOURCE_ROOT; };
		156AE8441A26893700D775C7 /* Scheduler.swift */ = {isa = PBXFileReference; fileEncoding = 4; lastKnownFileType = sourcecode.swift; path = Scheduler.swift; sourceTree = SOURCE_ROOT; };
		156AE8461A268E6E00D775C7 /* Level.swift */ = {isa = PBXFileReference; fileEncoding = 4; lastKnownFileType = sourcecode.swift; path = Level.swift; sourceTree = SOURCE_ROOT; };
		C6A6BE2C1A17CD81004ED2E9 /* AppDelegate.swift */ = {isa = PBXFileReference; fileEncoding = 4; lastKnownFileType = sourcecode.swift; name = AppDelegate.swift; path = src/AppDelegate.swift; sourceTree = SOURCE_ROOT; };
		C6A6BE2F1A17CD81004ED2E9 /* Base */ = {isa = PBXFileReference; lastKnownFileType = file.xib; name = Base; path = LaunchScreen.xib; sourceTree = "<group>"; };
		C6A6BE311A17CD81004ED2E9 /* Base */ = {isa = PBXFileReference; lastKnownFileType = file.storyboard; name = Base; path = Main.storyboard; sourceTree = "<group>"; };
		C6A6BE321A17CD81004ED2E9 /* GameScene.sks */ = {isa = PBXFileReference; lastKnownFileType = file.sks; name = GameScene.sks; path = src/GameScene.sks; sourceTree = SOURCE_ROOT; };
		C6A6BE331A17CD81004ED2E9 /* GameScene.swift */ = {isa = PBXFileReference; fileEncoding = 4; lastKnownFileType = sourcecode.swift; name = GameScene.swift; path = src/GameScene.swift; sourceTree = SOURCE_ROOT; };
		C6A6BE341A17CD81004ED2E9 /* GameViewController.swift */ = {isa = PBXFileReference; fileEncoding = 4; lastKnownFileType = sourcecode.swift; name = GameViewController.swift; path = src/GameViewController.swift; sourceTree = SOURCE_ROOT; };
		C6A6BE351A17CD81004ED2E9 /* Images.xcassets */ = {isa = PBXFileReference; lastKnownFileType = folder.assetcatalog; name = Images.xcassets; path = src/Images.xcassets; sourceTree = SOURCE_ROOT; };
		C6A6BE361A17CD81004ED2E9 /* Info.plist */ = {isa = PBXFileReference; fileEncoding = 4; lastKnownFileType = text.plist.xml; name = Info.plist; path = src/Info.plist; sourceTree = SOURCE_ROOT; };
		C6E378AA1A26888400DBCDC5 /* Game.swift */ = {isa = PBXFileReference; fileEncoding = 4; lastKnownFileType = sourcecode.swift; name = Game.swift; path = src/Game.swift; sourceTree = SOURCE_ROOT; };
		C6E378AC1A268B5F00DBCDC5 /* Mob.swift */ = {isa = PBXFileReference; fileEncoding = 4; lastKnownFileType = sourcecode.swift; path = Mob.swift; sourceTree = SOURCE_ROOT; };
		C6E378AE1A268DBE00DBCDC5 /* Entity.swift */ = {isa = PBXFileReference; fileEncoding = 4; lastKnownFileType = sourcecode.swift; name = Entity.swift; path = src/Entity.swift; sourceTree = SOURCE_ROOT; };
		C6F179FF1A17CCF1002E7972 /* iRogue.app */ = {isa = PBXFileReference; explicitFileType = wrapper.application; includeInIndex = 0; path = iRogue.app; sourceTree = BUILT_PRODUCTS_DIR; };
		C6F17A031A17CCF1002E7972 /* Info.plist */ = {isa = PBXFileReference; lastKnownFileType = text.plist.xml; path = Info.plist; sourceTree = "<group>"; };
		C6F17A181A17CCF1002E7972 /* iRogueTests.xctest */ = {isa = PBXFileReference; explicitFileType = wrapper.cfbundle; includeInIndex = 0; path = iRogueTests.xctest; sourceTree = BUILT_PRODUCTS_DIR; };
		C6F17A1D1A17CCF1002E7972 /* Info.plist */ = {isa = PBXFileReference; lastKnownFileType = text.plist.xml; path = Info.plist; sourceTree = "<group>"; };
		C6F17A1E1A17CCF1002E7972 /* iRogueTests.swift */ = {isa = PBXFileReference; lastKnownFileType = text; path = iRogueTests.swift; sourceTree = "<group>"; };
/* End PBXFileReference section */

/* Begin PBXFrameworksBuildPhase section */
		C6F179FC1A17CCF1002E7972 /* Frameworks */ = {
			isa = PBXFrameworksBuildPhase;
			buildActionMask = 2147483647;
			files = (
			);
			runOnlyForDeploymentPostprocessing = 0;
		};
		C6F17A151A17CCF1002E7972 /* Frameworks */ = {
			isa = PBXFrameworksBuildPhase;
			buildActionMask = 2147483647;
			files = (
			);
			runOnlyForDeploymentPostprocessing = 0;
		};
/* End PBXFrameworksBuildPhase section */

/* Begin PBXGroup section */
		C6A6BE2D1A17CD81004ED2E9 /* Base.lproj */ = {
			isa = PBXGroup;
			children = (
				C6A6BE2E1A17CD81004ED2E9 /* LaunchScreen.xib */,
				C6A6BE301A17CD81004ED2E9 /* Main.storyboard */,
			);
			name = Base.lproj;
			path = src/Base.lproj;
			sourceTree = SOURCE_ROOT;
		};
		C6F179F61A17CCF1002E7972 = {
			isa = PBXGroup;
			children = (
				C6F17A011A17CCF1002E7972 /* src */,
				C6F17A1B1A17CCF1002E7972 /* iRogueTests */,
				C6F17A001A17CCF1002E7972 /* Products */,
			);
			sourceTree = "<group>";
		};
		C6F17A001A17CCF1002E7972 /* Products */ = {
			isa = PBXGroup;
			children = (
				C6F179FF1A17CCF1002E7972 /* iRogue.app */,
				C6F17A181A17CCF1002E7972 /* iRogueTests.xctest */,
			);
			name = Products;
			sourceTree = "<group>";
		};
		C6F17A011A17CCF1002E7972 /* src */ = {
			isa = PBXGroup;
			children = (
				C6E378AE1A268DBE00DBCDC5 /* Entity.swift */,
				C6E378AC1A268B5F00DBCDC5 /* Mob.swift */,
				C6E378AA1A26888400DBCDC5 /* Game.swift */,
				156AE8441A26893700D775C7 /* Scheduler.swift */,
				156AE8461A268E6E00D775C7 /* Level.swift */,
				C6A6BE2C1A17CD81004ED2E9 /* AppDelegate.swift */,
				C6A6BE2D1A17CD81004ED2E9 /* Base.lproj */,
				C6A6BE321A17CD81004ED2E9 /* GameScene.sks */,
				C6A6BE331A17CD81004ED2E9 /* GameScene.swift */,
				C6A6BE341A17CD81004ED2E9 /* GameViewController.swift */,
				1513D1B81A17DDF4009A778D /* MainViewController.swift */,
				C6A6BE351A17CD81004ED2E9 /* Images.xcassets */,
				C6A6BE361A17CD81004ED2E9 /* Info.plist */,
				C6F17A021A17CCF1002E7972 /* Supporting Files */,
			);
			name = src;
			path = iRogue;
			sourceTree = "<group>";
		};
		C6F17A021A17CCF1002E7972 /* Supporting Files */ = {
			isa = PBXGroup;
			children = (
				C6F17A031A17CCF1002E7972 /* Info.plist */,
			);
			name = "Supporting Files";
			sourceTree = "<group>";
		};
		C6F17A1B1A17CCF1002E7972 /* iRogueTests */ = {
			isa = PBXGroup;
			children = (
				C6F17A1E1A17CCF1002E7972 /* iRogueTests.swift */,
				C6F17A1C1A17CCF1002E7972 /* Supporting Files */,
			);
			path = iRogueTests;
			sourceTree = "<group>";
		};
		C6F17A1C1A17CCF1002E7972 /* Supporting Files */ = {
			isa = PBXGroup;
			children = (
				C6F17A1D1A17CCF1002E7972 /* Info.plist */,
			);
			name = "Supporting Files";
			sourceTree = "<group>";
		};
/* End PBXGroup section */

/* Begin PBXNativeTarget section */
		C6F179FE1A17CCF1002E7972 /* iRogue */ = {
			isa = PBXNativeTarget;
			buildConfigurationList = C6F17A221A17CCF1002E7972 /* Build configuration list for PBXNativeTarget "iRogue" */;
			buildPhases = (
				C6F179FB1A17CCF1002E7972 /* Sources */,
				C6F179FC1A17CCF1002E7972 /* Frameworks */,
				C6F179FD1A17CCF1002E7972 /* Resources */,
			);
			buildRules = (
			);
			dependencies = (
			);
			name = iRogue;
			productName = iRogue;
			productReference = C6F179FF1A17CCF1002E7972 /* iRogue.app */;
			productType = "com.apple.product-type.application";
		};
		C6F17A171A17CCF1002E7972 /* iRogueTests */ = {
			isa = PBXNativeTarget;
			buildConfigurationList = C6F17A251A17CCF1002E7972 /* Build configuration list for PBXNativeTarget "iRogueTests" */;
			buildPhases = (
				C6F17A141A17CCF1002E7972 /* Sources */,
				C6F17A151A17CCF1002E7972 /* Frameworks */,
				C6F17A161A17CCF1002E7972 /* Resources */,
			);
			buildRules = (
			);
			dependencies = (
				C6F17A1A1A17CCF1002E7972 /* PBXTargetDependency */,
			);
			name = iRogueTests;
			productName = iRogueTests;
			productReference = C6F17A181A17CCF1002E7972 /* iRogueTests.xctest */;
			productType = "com.apple.product-type.bundle.unit-test";
		};
/* End PBXNativeTarget section */

/* Begin PBXProject section */
		C6F179F71A17CCF1002E7972 /* Project object */ = {
			isa = PBXProject;
			attributes = {
				LastUpgradeCheck = 0610;
				ORGANIZATIONNAME = "Adinex Inc.";
				TargetAttributes = {
					C6F179FE1A17CCF1002E7972 = {
						CreatedOnToolsVersion = 6.1;
					};
					C6F17A171A17CCF1002E7972 = {
						CreatedOnToolsVersion = 6.1;
						TestTargetID = C6F179FE1A17CCF1002E7972;
					};
				};
			};
			buildConfigurationList = C6F179FA1A17CCF1002E7972 /* Build configuration list for PBXProject "iRogue" */;
			compatibilityVersion = "Xcode 3.2";
			developmentRegion = English;
			hasScannedForEncodings = 0;
			knownRegions = (
				en,
				Base,
			);
			mainGroup = C6F179F61A17CCF1002E7972;
			productRefGroup = C6F17A001A17CCF1002E7972 /* Products */;
			projectDirPath = "";
			projectRoot = "";
			targets = (
				C6F179FE1A17CCF1002E7972 /* iRogue */,
				C6F17A171A17CCF1002E7972 /* iRogueTests */,
			);
		};
/* End PBXProject section */

/* Begin PBXResourcesBuildPhase section */
		C6F179FD1A17CCF1002E7972 /* Resources */ = {
			isa = PBXResourcesBuildPhase;
			buildActionMask = 2147483647;
			files = (
				C6A6BE381A17CD81004ED2E9 /* LaunchScreen.xib in Resources */,
				C6A6BE3D1A17CD81004ED2E9 /* Images.xcassets in Resources */,
				C6A6BE3E1A17CD81004ED2E9 /* Info.plist in Resources */,
				C6A6BE391A17CD81004ED2E9 /* Main.storyboard in Resources */,
				C6A6BE3A1A17CD81004ED2E9 /* GameScene.sks in Resources */,
			);
			runOnlyForDeploymentPostprocessing = 0;
		};
		C6F17A161A17CCF1002E7972 /* Resources */ = {
			isa = PBXResourcesBuildPhase;
			buildActionMask = 2147483647;
			files = (
			);
			runOnlyForDeploymentPostprocessing = 0;
		};
/* End PBXResourcesBuildPhase section */

/* Begin PBXSourcesBuildPhase section */
		C6F179FB1A17CCF1002E7972 /* Sources */ = {
			isa = PBXSourcesBuildPhase;
			buildActionMask = 2147483647;
			files = (
				C6E378AD1A268B5F00DBCDC5 /* Mob.swift in Sources */,
				C6A6BE3B1A17CD81004ED2E9 /* GameScene.swift in Sources */,
				C6E378AF1A268DBE00DBCDC5 /* Entity.swift in Sources */,
				C6E378AB1A26888400DBCDC5 /* Game.swift in Sources */,
				156AE8471A268E6E00D775C7 /* Level.swift in Sources */,
				C6A6BE371A17CD81004ED2E9 /* AppDelegate.swift in Sources */,
				156AE8451A26893700D775C7 /* Scheduler.swift in Sources */,
				C6A6BE3C1A17CD81004ED2E9 /* GameViewController.swift in Sources */,
				1513D1B91A17DDF4009A778D /* MainViewController.swift in Sources */,
			);
			runOnlyForDeploymentPostprocessing = 0;
		};
		C6F17A141A17CCF1002E7972 /* Sources */ = {
			isa = PBXSourcesBuildPhase;
			buildActionMask = 2147483647;
			files = (
				C6F17A1F1A17CCF1002E7972 /* iRogueTests.swift in Sources */,
			);
			runOnlyForDeploymentPostprocessing = 0;
		};
/* End PBXSourcesBuildPhase section */

/* Begin PBXTargetDependency section */
		C6F17A1A1A17CCF1002E7972 /* PBXTargetDependency */ = {
			isa = PBXTargetDependency;
			target = C6F179FE1A17CCF1002E7972 /* iRogue */;
			targetProxy = C6F17A191A17CCF1002E7972 /* PBXContainerItemProxy */;
		};
/* End PBXTargetDependency section */

/* Begin PBXVariantGroup section */
		C6A6BE2E1A17CD81004ED2E9 /* LaunchScreen.xib */ = {
			isa = PBXVariantGroup;
			children = (
				C6A6BE2F1A17CD81004ED2E9 /* Base */,
			);
			name = LaunchScreen.xib;
			sourceTree = "<group>";
		};
		C6A6BE301A17CD81004ED2E9 /* Main.storyboard */ = {
			isa = PBXVariantGroup;
			children = (
				C6A6BE311A17CD81004ED2E9 /* Base */,
			);
			name = Main.storyboard;
			sourceTree = "<group>";
		};
/* End PBXVariantGroup section */

/* Begin XCBuildConfiguration section */
		C6F17A201A17CCF1002E7972 /* Debug */ = {
			isa = XCBuildConfiguration;
			buildSettings = {
				ALWAYS_SEARCH_USER_PATHS = NO;
				CLANG_CXX_LANGUAGE_STANDARD = "gnu++0x";
				CLANG_CXX_LIBRARY = "libc++";
				CLANG_ENABLE_MODULES = YES;
				CLANG_ENABLE_OBJC_ARC = YES;
				CLANG_WARN_BOOL_CONVERSION = YES;
				CLANG_WARN_CONSTANT_CONVERSION = YES;
				CLANG_WARN_DIRECT_OBJC_ISA_USAGE = YES_ERROR;
				CLANG_WARN_EMPTY_BODY = YES;
				CLANG_WARN_ENUM_CONVERSION = YES;
				CLANG_WARN_INT_CONVERSION = YES;
				CLANG_WARN_OBJC_ROOT_CLASS = YES_ERROR;
				CLANG_WARN_UNREACHABLE_CODE = YES;
				CLANG_WARN__DUPLICATE_METHOD_MATCH = YES;
				"CODE_SIGN_IDENTITY[sdk=iphoneos*]" = "iPhone Developer";
				COPY_PHASE_STRIP = NO;
				ENABLE_STRICT_OBJC_MSGSEND = YES;
				GCC_C_LANGUAGE_STANDARD = gnu99;
				GCC_DYNAMIC_NO_PIC = NO;
				GCC_OPTIMIZATION_LEVEL = 0;
				GCC_PREPROCESSOR_DEFINITIONS = (
					"DEBUG=1",
					"$(inherited)",
				);
				GCC_SYMBOLS_PRIVATE_EXTERN = NO;
				GCC_WARN_64_TO_32_BIT_CONVERSION = YES;
				GCC_WARN_ABOUT_RETURN_TYPE = YES_ERROR;
				GCC_WARN_UNDECLARED_SELECTOR = YES;
				GCC_WARN_UNINITIALIZED_AUTOS = YES_AGGRESSIVE;
				GCC_WARN_UNUSED_FUNCTION = YES;
				GCC_WARN_UNUSED_VARIABLE = YES;
				IPHONEOS_DEPLOYMENT_TARGET = 8.1;
				MTL_ENABLE_DEBUG_INFO = YES;
				ONLY_ACTIVE_ARCH = YES;
				SDKROOT = iphoneos;
				SWIFT_OPTIMIZATION_LEVEL = "-Onone";
				TARGETED_DEVICE_FAMILY = "1,2";
			};
			name = Debug;
		};
		C6F17A211A17CCF1002E7972 /* Release */ = {
			isa = XCBuildConfiguration;
			buildSettings = {
				ALWAYS_SEARCH_USER_PATHS = NO;
				CLANG_CXX_LANGUAGE_STANDARD = "gnu++0x";
				CLANG_CXX_LIBRARY = "libc++";
				CLANG_ENABLE_MODULES = YES;
				CLANG_ENABLE_OBJC_ARC = YES;
				CLANG_WARN_BOOL_CONVERSION = YES;
				CLANG_WARN_CONSTANT_CONVERSION = YES;
				CLANG_WARN_DIRECT_OBJC_ISA_USAGE = YES_ERROR;
				CLANG_WARN_EMPTY_BODY = YES;
				CLANG_WARN_ENUM_CONVERSION = YES;
				CLANG_WARN_INT_CONVERSION = YES;
				CLANG_WARN_OBJC_ROOT_CLASS = YES_ERROR;
				CLANG_WARN_UNREACHABLE_CODE = YES;
				CLANG_WARN__DUPLICATE_METHOD_MATCH = YES;
				"CODE_SIGN_IDENTITY[sdk=iphoneos*]" = "iPhone Developer";
				COPY_PHASE_STRIP = YES;
				ENABLE_NS_ASSERTIONS = NO;
				ENABLE_STRICT_OBJC_MSGSEND = YES;
				GCC_C_LANGUAGE_STANDARD = gnu99;
				GCC_WARN_64_TO_32_BIT_CONVERSION = YES;
				GCC_WARN_ABOUT_RETURN_TYPE = YES_ERROR;
				GCC_WARN_UNDECLARED_SELECTOR = YES;
				GCC_WARN_UNINITIALIZED_AUTOS = YES_AGGRESSIVE;
				GCC_WARN_UNUSED_FUNCTION = YES;
				GCC_WARN_UNUSED_VARIABLE = YES;
				IPHONEOS_DEPLOYMENT_TARGET = 8.1;
				MTL_ENABLE_DEBUG_INFO = NO;
				SDKROOT = iphoneos;
				TARGETED_DEVICE_FAMILY = "1,2";
				VALIDATE_PRODUCT = YES;
			};
			name = Release;
		};
		C6F17A231A17CCF1002E7972 /* Debug */ = {
			isa = XCBuildConfiguration;
			buildSettings = {
				ASSETCATALOG_COMPILER_APPICON_NAME = AppIcon;
				INFOPLIST_FILE = "$(SRCROOT)/src/Info.plist";
				LD_RUNPATH_SEARCH_PATHS = "$(inherited) @executable_path/Frameworks";
				PRODUCT_NAME = "$(TARGET_NAME)";
			};
			name = Debug;
		};
		C6F17A241A17CCF1002E7972 /* Release */ = {
			isa = XCBuildConfiguration;
			buildSettings = {
				ASSETCATALOG_COMPILER_APPICON_NAME = AppIcon;
				INFOPLIST_FILE = "$(SRCROOT)/src/Info.plist";
				LD_RUNPATH_SEARCH_PATHS = "$(inherited) @executable_path/Frameworks";
				PRODUCT_NAME = "$(TARGET_NAME)";
			};
			name = Release;
		};
		C6F17A261A17CCF1002E7972 /* Debug */ = {
			isa = XCBuildConfiguration;
			buildSettings = {
				BUNDLE_LOADER = "$(TEST_HOST)";
				FRAMEWORK_SEARCH_PATHS = (
					"$(SDKROOT)/Developer/Library/Frameworks",
					"$(inherited)",
				);
				GCC_PREPROCESSOR_DEFINITIONS = (
					"DEBUG=1",
					"$(inherited)",
				);
				INFOPLIST_FILE = iRogueTests/Info.plist;
				LD_RUNPATH_SEARCH_PATHS = "$(inherited) @executable_path/Frameworks @loader_path/Frameworks";
				PRODUCT_NAME = "$(TARGET_NAME)";
				TEST_HOST = "$(BUILT_PRODUCTS_DIR)/iRogue.app/iRogue";
			};
			name = Debug;
		};
		C6F17A271A17CCF1002E7972 /* Release */ = {
			isa = XCBuildConfiguration;
			buildSettings = {
				BUNDLE_LOADER = "$(TEST_HOST)";
				FRAMEWORK_SEARCH_PATHS = (
					"$(SDKROOT)/Developer/Library/Frameworks",
					"$(inherited)",
				);
				INFOPLIST_FILE = iRogueTests/Info.plist;
				LD_RUNPATH_SEARCH_PATHS = "$(inherited) @executable_path/Frameworks @loader_path/Frameworks";
				PRODUCT_NAME = "$(TARGET_NAME)";
				TEST_HOST = "$(BUILT_PRODUCTS_DIR)/iRogue.app/iRogue";
			};
			name = Release;
		};
/* End XCBuildConfiguration section */

/* Begin XCConfigurationList section */
		C6F179FA1A17CCF1002E7972 /* Build configuration list for PBXProject "iRogue" */ = {
			isa = XCConfigurationList;
			buildConfigurations = (
				C6F17A201A17CCF1002E7972 /* Debug */,
				C6F17A211A17CCF1002E7972 /* Release */,
			);
			defaultConfigurationIsVisible = 0;
			defaultConfigurationName = Release;
		};
		C6F17A221A17CCF1002E7972 /* Build configuration list for PBXNativeTarget "iRogue" */ = {
			isa = XCConfigurationList;
			buildConfigurations = (
				C6F17A231A17CCF1002E7972 /* Debug */,
				C6F17A241A17CCF1002E7972 /* Release */,
			);
			defaultConfigurationIsVisible = 0;
			defaultConfigurationName = Release;
		};
		C6F17A251A17CCF1002E7972 /* Build configuration list for PBXNativeTarget "iRogueTests" */ = {
			isa = XCConfigurationList;
			buildConfigurations = (
				C6F17A261A17CCF1002E7972 /* Debug */,
				C6F17A271A17CCF1002E7972 /* Release */,
			);
			defaultConfigurationIsVisible = 0;
			defaultConfigurationName = Release;
		};
/* End XCConfigurationList section */
	};
	rootObject = C6F179F71A17CCF1002E7972 /* Project object */;
}
